
Microsoft Visual Studio Solution File, Format Version 12.00
# Blend for Visual Studio Version 16
VisualStudioVersion = 16.0.30503.244
MinimumVisualStudioVersion = 10.0.40219.1
Project("{FAE04EC0-301F-11D3-BF4B-00C04F79EFBC}") = "WpfApp1", "WpfApp1\WpfApp1.csproj", "{EB0D2C0F-540A-4CC9-AC5F-88F8ADCB9087}"
EndProject
Global
	GlobalSection(SolutionConfigurationPlatforms) = preSolution
		Debug|Any CPU = Debug|Any CPU
		Release|Any CPU = Release|Any CPU
	EndGlobalSection
	GlobalSection(ProjectConfigurationPlatforms) = postSolution
		{EB0D2C0F-540A-4CC9-AC5F-88F8ADCB9087}.Debug|Any CPU.ActiveCfg = Debug|Any CPU
		{EB0D2C0F-540A-4CC9-AC5F-88F8ADCB9087}.Debug|Any CPU.Build.0 = Debug|Any CPU
		{EB0D2C0F-540A-4CC9-AC5F-88F8ADCB9087}.Release|Any CPU.ActiveCfg = Release|Any CPU
		{EB0D2C0F-540A-4CC9-AC5F-88F8ADCB9087}.Release|Any CPU.Build.0 = Release|Any CPU
	EndGlobalSection
	GlobalSection(SolutionProperties) = preSolution
		HideSolutionNode = FALSE
	EndGlobalSection
	GlobalSection(ExtensibilityGlobals) = postSolution
		SolutionGuid = {54932A1B-73AF-43C3-B78C-B56C2F26D1F3}
	EndGlobalSection
EndGlobal
